PODS:
  - TextAttributes (0.2.1)
  - TextAttributesUtil (0.1.0):
    - TextAttributes (~> 0.2.1)

DEPENDENCIES:
  - TextAttributesUtil (from `../`)

EXTERNAL SOURCES:
  TextAttributesUtil:
    :path: "../"

SPEC CHECKSUMS:
  TextAttributes: 4a047e17100a0bb71ad78b5bba131778ccbf1bcf
  TextAttributesUtil: 5ce7c445e51281861eef4ed1b7cf516af71fdf44

COCOAPODS: 0.39.0
